
Microsoft Visual Studio Solution File, Format Version 12.00
# Visual Studio Version 16
VisualStudioVersion = 16.0.31313.79
MinimumVisualStudioVersion = 10.0.40219.1
Project("{FAE04EC0-301F-11D3-BF4B-00C04F79EFBC}") = "WebApplication1", "WebApplication1\WebApplication1.csproj", "{DA529462-9860-45F9-9331-B3376C3044C4}"
EndProject
Project("{FAE04EC0-301F-11D3-BF4B-00C04F79EFBC}") = "ClassLibrary1", "ClassLibrary1\ClassLibrary1.csproj", "{81BE4270-624E-42DD-823D-C2C5EFB4DFCA}"
EndProject
Project("{FAE04EC0-301F-11D3-BF4B-00C04F79EFBC}") = "ClassLibrary2", "ClassLibrary2\ClassLibrary2.csproj", "{AA6B79E0-50A8-49A6-8314-5CE29F1FE474}"
EndProject
Project("{FAE04EC0-301F-11D3-BF4B-00C04F79EFBC}") = "NuGetLibrary", "NuGetLibrary\NuGetLibrary.csproj", "{24FA69A0-770D-40A3-BC6B-DF73DFF88345}"
EndProject
Project("{2150E333-8FDC-42A3-9474-1A3956D46DE8}") = "Classic", "Classic", "{A2151CBA-97BD-4475-AA55-DDD50E726D82}"
EndProject
Project("{FAE04EC0-301F-11D3-BF4B-00C04F79EFBC}") = "WebApplication2", "WebApplication2\WebApplication2.csproj", "{F2B205D5-3ED8-46F2-812B-C3C40EBF1C9A}"
EndProject
Project("{FAE04EC0-301F-11D3-BF4B-00C04F79EFBC}") = "CoreClassLibrary1", "CoreClassLibrary1\CoreClassLibrary1.csproj", "{038ACC0F-64C1-4474-8192-88CD8F08A1DC}"
EndProject
Project("{FAE04EC0-301F-11D3-BF4B-00C04F79EFBC}") = "CoreClassLibrary2", "CoreClassLibrary2\CoreClassLibrary2.csproj", "{D988B93B-568B-45A1-B84B-2C5F787A3D33}"
EndProject
Project("{FAE04EC0-301F-11D3-BF4B-00C04F79EFBC}") = "StandardNuGetLibrary", "StandardNuGetLibrary\StandardNuGetLibrary.csproj", "{DAEAB39D-8FC2-43D3-AD6F-ADD0B6D2977B}"
EndProject
Project("{2150E333-8FDC-42A3-9474-1A3956D46DE8}") = "Core", "Core", "{9ED01F54-4E77-49FA-9EC5-8F256D40C920}"
EndProject
Global
	GlobalSection(SolutionConfigurationPlatforms) = preSolution
		Debug|Any CPU = Debug|Any CPU
		Release|Any CPU = Release|Any CPU
	EndGlobalSection
	GlobalSection(ProjectConfigurationPlatforms) = postSolution
		{DA529462-9860-45F9-9331-B3376C3044C4}.Debug|Any CPU.ActiveCfg = Debug|Any CPU
		{DA529462-9860-45F9-9331-B3376C3044C4}.Debug|Any CPU.Build.0 = Debug|Any CPU
		{DA529462-9860-45F9-9331-B3376C3044C4}.Release|Any CPU.ActiveCfg = Release|Any CPU
		{DA529462-9860-45F9-9331-B3376C3044C4}.Release|Any CPU.Build.0 = Release|Any CPU
		{81BE4270-624E-42DD-823D-C2C5EFB4DFCA}.Debug|Any CPU.ActiveCfg = Debug|Any CPU
		{81BE4270-624E-42DD-823D-C2C5EFB4DFCA}.Debug|Any CPU.Build.0 = Debug|Any CPU
		{81BE4270-624E-42DD-823D-C2C5EFB4DFCA}.Release|Any CPU.ActiveCfg = Release|Any CPU
		{81BE4270-624E-42DD-823D-C2C5EFB4DFCA}.Release|Any CPU.Build.0 = Release|Any CPU
		{AA6B79E0-50A8-49A6-8314-5CE29F1FE474}.Debug|Any CPU.ActiveCfg = Debug|Any CPU
		{AA6B79E0-50A8-49A6-8314-5CE29F1FE474}.Debug|Any CPU.Build.0 = Debug|Any CPU
		{AA6B79E0-50A8-49A6-8314-5CE29F1FE474}.Release|Any CPU.ActiveCfg = Release|Any CPU
		{AA6B79E0-50A8-49A6-8314-5CE29F1FE474}.Release|Any CPU.Build.0 = Release|Any CPU
		{24FA69A0-770D-40A3-BC6B-DF73DFF88345}.Debug|Any CPU.ActiveCfg = Debug|Any CPU
		{24FA69A0-770D-40A3-BC6B-DF73DFF88345}.Debug|Any CPU.Build.0 = Debug|Any CPU
		{24FA69A0-770D-40A3-BC6B-DF73DFF88345}.Release|Any CPU.ActiveCfg = Release|Any CPU
		{24FA69A0-770D-40A3-BC6B-DF73DFF88345}.Release|Any CPU.Build.0 = Release|Any CPU
		{F2B205D5-3ED8-46F2-812B-C3C40EBF1C9A}.Debug|Any CPU.ActiveCfg = Debug|Any CPU
		{F2B205D5-3ED8-46F2-812B-C3C40EBF1C9A}.Debug|Any CPU.Build.0 = Debug|Any CPU
		{F2B205D5-3ED8-46F2-812B-C3C40EBF1C9A}.Release|Any CPU.ActiveCfg = Release|Any CPU
		{F2B205D5-3ED8-46F2-812B-C3C40EBF1C9A}.Release|Any CPU.Build.0 = Release|Any CPU
		{038ACC0F-64C1-4474-8192-88CD8F08A1DC}.Debug|Any CPU.ActiveCfg = Debug|Any CPU
		{038ACC0F-64C1-4474-8192-88CD8F08A1DC}.Debug|Any CPU.Build.0 = Debug|Any CPU
		{038ACC0F-64C1-4474-8192-88CD8F08A1DC}.Release|Any CPU.ActiveCfg = Release|Any CPU
		{038ACC0F-64C1-4474-8192-88CD8F08A1DC}.Release|Any CPU.Build.0 = Release|Any CPU
		{D988B93B-568B-45A1-B84B-2C5F787A3D33}.Debug|Any CPU.ActiveCfg = Debug|Any CPU
		{D988B93B-568B-45A1-B84B-2C5F787A3D33}.Debug|Any CPU.Build.0 = Debug|Any CPU
		{D988B93B-568B-45A1-B84B-2C5F787A3D33}.Release|Any CPU.ActiveCfg = Release|Any CPU
		{D988B93B-568B-45A1-B84B-2C5F787A3D33}.Release|Any CPU.Build.0 = Release|Any CPU
		{DAEAB39D-8FC2-43D3-AD6F-ADD0B6D2977B}.Debug|Any CPU.ActiveCfg = Debug|Any CPU
		{DAEAB39D-8FC2-43D3-AD6F-ADD0B6D2977B}.Debug|Any CPU.Build.0 = Debug|Any CPU
		{DAEAB39D-8FC2-43D3-AD6F-ADD0B6D2977B}.Release|Any CPU.ActiveCfg = Release|Any CPU
		{DAEAB39D-8FC2-43D3-AD6F-ADD0B6D2977B}.Release|Any CPU.Build.0 = Release|Any CPU
	EndGlobalSection
	GlobalSection(SolutionProperties) = preSolution
		HideSolutionNode = FALSE
	EndGlobalSection
	GlobalSection(NestedProjects) = preSolution
		{DA529462-9860-45F9-9331-B3376C3044C4} = {A2151CBA-97BD-4475-AA55-DDD50E726D82}
		{81BE4270-624E-42DD-823D-C2C5EFB4DFCA} = {A2151CBA-97BD-4475-AA55-DDD50E726D82}
		{AA6B79E0-50A8-49A6-8314-5CE29F1FE474} = {A2151CBA-97BD-4475-AA55-DDD50E726D82}
		{24FA69A0-770D-40A3-BC6B-DF73DFF88345} = {A2151CBA-97BD-4475-AA55-DDD50E726D82}
		{F2B205D5-3ED8-46F2-812B-C3C40EBF1C9A} = {9ED01F54-4E77-49FA-9EC5-8F256D40C920}
		{038ACC0F-64C1-4474-8192-88CD8F08A1DC} = {9ED01F54-4E77-49FA-9EC5-8F256D40C920}
		{D988B93B-568B-45A1-B84B-2C5F787A3D33} = {9ED01F54-4E77-49FA-9EC5-8F256D40C920}
		{DAEAB39D-8FC2-43D3-AD6F-ADD0B6D2977B} = {9ED01F54-4E77-49FA-9EC5-8F256D40C920}
	EndGlobalSection
	GlobalSection(ExtensibilityGlobals) = postSolution
		SolutionGuid = {E0E2F42F-2BA5-41EE-A56A-A7E35006A48B}
	EndGlobalSection
EndGlobal
